# This file is autogenerated, do not edit; changes may be undone by the next 'dep ensure'.


[[projects]]
  digest = "1:55d2c58b9b3b2947ada0a09b3226e26795400ef52243e082e20050589896d617"
  name = "github.com/Telefonica/nfqueue"
  packages = ["."]
  pruneopts = "UT"
  revision = "8b4dece6b781e64143ade09587a7831f874c3475"
  version = "0.1.0"

[[projects]]
  digest = "1:bb92a14468806ad342f1102288b267ea82a8d07062d7babb65aa5c615517e157"
  name = "github.com/google/gopacket"
  packages = [
    ".",
    "layers",
  ]
  pruneopts = "UT"
  revision = "7f3fc6cbbb499248dca53da7fe3ed6c25a78d22f"
  version = "v1.1.16"

[solve-meta]
  analyzer-name = "dep"
  analyzer-version = 1
  input-imports = [
    "github.com/Telefonica/nfqueue",
    "github.com/google/gopacket",
    "github.com/google/gopacket/layers",
  ]
  solver-name = "gps-cdcl"
  solver-version = 1
